
Microsoft Visual Studio Solution File, Format Version 12.00
# Visual Studio Version 16
VisualStudioVersion = 16.0.28803.202
MinimumVisualStudioVersion = 10.0.40219.1
Project("{FAE04EC0-301F-11D3-BF4B-00C04F79EFBC}") = "DZ_1_1", "DZ_1_1\DZ_1_1.csproj", "{D2FF7237-7F91-45ED-B272-0D2FA87EECBA}"
EndProject
Project("{FAE04EC0-301F-11D3-BF4B-00C04F79EFBC}") = "DZ_1_2", "DZ_1_2\DZ_1_2.csproj", "{0CF44880-15E7-4897-B849-4718B955B806}"
EndProject
Project("{FAE04EC0-301F-11D3-BF4B-00C04F79EFBC}") = "DZ_1_3", "DZ_1_3\DZ_1_3.csproj", "{7EA69F80-6E35-44CE-9384-D323C57AF8E6}"
EndProject
Project("{FAE04EC0-301F-11D3-BF4B-00C04F79EFBC}") = "DZ_1_4", "DZ_1_4\DZ_1_4.csproj", "{927F54FB-A1D5-4CCC-865B-9040B1A66F48}"
EndProject
Project("{FAE04EC0-301F-11D3-BF4B-00C04F79EFBC}") = "DZ_1_5", "DZ_1_5\DZ_1_5.csproj", "{D2BA405D-7BAE-4DF8-82AB-AC6AC12F944E}"
EndProject
Global
	GlobalSection(SolutionConfigurationPlatforms) = preSolution
		Debug|Any CPU = Debug|Any CPU
		Release|Any CPU = Release|Any CPU
	EndGlobalSection
	GlobalSection(ProjectConfigurationPlatforms) = postSolution
		{D2FF7237-7F91-45ED-B272-0D2FA87EECBA}.Debug|Any CPU.ActiveCfg = Debug|Any CPU
		{D2FF7237-7F91-45ED-B272-0D2FA87EECBA}.Debug|Any CPU.Build.0 = Debug|Any CPU
		{D2FF7237-7F91-45ED-B272-0D2FA87EECBA}.Release|Any CPU.ActiveCfg = Release|Any CPU
		{D2FF7237-7F91-45ED-B272-0D2FA87EECBA}.Release|Any CPU.Build.0 = Release|Any CPU
		{0CF44880-15E7-4897-B849-4718B955B806}.Debug|Any CPU.ActiveCfg = Debug|Any CPU
		{0CF44880-15E7-4897-B849-4718B955B806}.Debug|Any CPU.Build.0 = Debug|Any CPU
		{0CF44880-15E7-4897-B849-4718B955B806}.Release|Any CPU.ActiveCfg = Release|Any CPU
		{0CF44880-15E7-4897-B849-4718B955B806}.Release|Any CPU.Build.0 = Release|Any CPU
		{7EA69F80-6E35-44CE-9384-D323C57AF8E6}.Debug|Any CPU.ActiveCfg = Debug|Any CPU
		{7EA69F80-6E35-44CE-9384-D323C57AF8E6}.Debug|Any CPU.Build.0 = Debug|Any CPU
		{7EA69F80-6E35-44CE-9384-D323C57AF8E6}.Release|Any CPU.ActiveCfg = Release|Any CPU
		{7EA69F80-6E35-44CE-9384-D323C57AF8E6}.Release|Any CPU.Build.0 = Release|Any CPU
		{927F54FB-A1D5-4CCC-865B-9040B1A66F48}.Debug|Any CPU.ActiveCfg = Debug|Any CPU
		{927F54FB-A1D5-4CCC-865B-9040B1A66F48}.Debug|Any CPU.Build.0 = Debug|Any CPU
		{927F54FB-A1D5-4CCC-865B-9040B1A66F48}.Release|Any CPU.ActiveCfg = Release|Any CPU
		{927F54FB-A1D5-4CCC-865B-9040B1A66F48}.Release|Any CPU.Build.0 = Release|Any CPU
		{D2BA405D-7BAE-4DF8-82AB-AC6AC12F944E}.Debug|Any CPU.ActiveCfg = Debug|Any CPU
		{D2BA405D-7BAE-4DF8-82AB-AC6AC12F944E}.Debug|Any CPU.Build.0 = Debug|Any CPU
		{D2BA405D-7BAE-4DF8-82AB-AC6AC12F944E}.Release|Any CPU.ActiveCfg = Release|Any CPU
		{D2BA405D-7BAE-4DF8-82AB-AC6AC12F944E}.Release|Any CPU.Build.0 = Release|Any CPU
	EndGlobalSection
	GlobalSection(SolutionProperties) = preSolution
		HideSolutionNode = FALSE
	EndGlobalSection
	GlobalSection(ExtensibilityGlobals) = postSolution
		SolutionGuid = {0A4ED2EA-6373-47C5-922D-B74CE7B3821C}
	EndGlobalSection
EndGlobal
