
Microsoft Visual Studio Solution File, Format Version 12.00
# Visual Studio Version 16
VisualStudioVersion = 16.0.28803.202
MinimumVisualStudioVersion = 10.0.40219.1
Project("{FAE04EC0-301F-11D3-BF4B-00C04F79EFBC}") = "DZ_1_1", "DZ_1_1\DZ_1_1.csproj", "{D2FF7237-7F91-45ED-B272-0D2FA87EECBA}"
EndProject
Global
	GlobalSection(SolutionConfigurationPlatforms) = preSolution
		Debug|Any CPU = Debug|Any CPU
		Release|Any CPU = Release|Any CPU
	EndGlobalSection
	GlobalSection(ProjectConfigurationPlatforms) = postSolution
		{D2FF7237-7F91-45ED-B272-0D2FA87EECBA}.Debug|Any CPU.ActiveCfg = Debug|Any CPU
		{D2FF7237-7F91-45ED-B272-0D2FA87EECBA}.Debug|Any CPU.Build.0 = Debug|Any CPU
		{D2FF7237-7F91-45ED-B272-0D2FA87EECBA}.Release|Any CPU.ActiveCfg = Release|Any CPU
		{D2FF7237-7F91-45ED-B272-0D2FA87EECBA}.Release|Any CPU.Build.0 = Release|Any CPU
	EndGlobalSection
	GlobalSection(SolutionProperties) = preSolution
		HideSolutionNode = FALSE
	EndGlobalSection
	GlobalSection(ExtensibilityGlobals) = postSolution
		SolutionGuid = {0A4ED2EA-6373-47C5-922D-B74CE7B3821C}
	EndGlobalSection
EndGlobal
